
Microsoft Visual Studio Solution File, Format Version 12.00
# Visual Studio Version 17
VisualStudioVersion = 17.7.34221.43
MinimumVisualStudioVersion = 10.0.40219.1
Project("{2150E333-8FDC-42A3-9474-1A3956D46DE8}") = "Solution Items", "Solution Items", "{03BBA1E3-E2D6-43CD-9ADF-BA59A4E7C73F}"
	ProjectSection(SolutionItems) = preProject
		.gitignore = .gitignore
	EndProjectSection
EndProject
Project("{9A19103F-16F7-4668-BE54-9A1E7A4F7556}") = "VsCollaborateApi", "VsCollaborateApi\VsCollaborateApi.csproj", "{DC89B7DF-C62E-4AEF-B3FA-F63418CED0FE}"
EndProject
Project("{9A19103F-16F7-4668-BE54-9A1E7A4F7556}") = "VsCollaborateApi.Tests", "VSCollaborateApi.Tests\VsCollaborateApi.Tests.csproj", "{691F889A-93F8-47A2-B9B9-B9D3575FCB39}"
EndProject
Project("{2150E333-8FDC-42A3-9474-1A3956D46DE8}") = "docker", "docker", "{D3469412-C15E-465A-BA12-34D40E265355}"
	ProjectSection(SolutionItems) = preProject
		docker\docker-compose.yml = docker\docker-compose.yml
		docker\Dockerfile = docker\Dockerfile
		docker\start-postgre.ps1 = docker\start-postgre.ps1
	EndProjectSection
EndProject
Global
	GlobalSection(SolutionConfigurationPlatforms) = preSolution
		Debug|Any CPU = Debug|Any CPU
		Release|Any CPU = Release|Any CPU
	EndGlobalSection
	GlobalSection(ProjectConfigurationPlatforms) = postSolution
		{DC89B7DF-C62E-4AEF-B3FA-F63418CED0FE}.Debug|Any CPU.ActiveCfg = Debug|Any CPU
		{DC89B7DF-C62E-4AEF-B3FA-F63418CED0FE}.Debug|Any CPU.Build.0 = Debug|Any CPU
		{DC89B7DF-C62E-4AEF-B3FA-F63418CED0FE}.Release|Any CPU.ActiveCfg = Release|Any CPU
		{DC89B7DF-C62E-4AEF-B3FA-F63418CED0FE}.Release|Any CPU.Build.0 = Release|Any CPU
		{691F889A-93F8-47A2-B9B9-B9D3575FCB39}.Debug|Any CPU.ActiveCfg = Debug|Any CPU
		{691F889A-93F8-47A2-B9B9-B9D3575FCB39}.Debug|Any CPU.Build.0 = Debug|Any CPU
		{691F889A-93F8-47A2-B9B9-B9D3575FCB39}.Release|Any CPU.ActiveCfg = Release|Any CPU
		{691F889A-93F8-47A2-B9B9-B9D3575FCB39}.Release|Any CPU.Build.0 = Release|Any CPU
	EndGlobalSection
	GlobalSection(SolutionProperties) = preSolution
		HideSolutionNode = FALSE
	EndGlobalSection
	GlobalSection(NestedProjects) = preSolution
		{D3469412-C15E-465A-BA12-34D40E265355} = {03BBA1E3-E2D6-43CD-9ADF-BA59A4E7C73F}
	EndGlobalSection
	GlobalSection(ExtensibilityGlobals) = postSolution
		SolutionGuid = {7CB351CB-C754-4EC3-BF6C-D0C6206AA929}
	EndGlobalSection
EndGlobal
